<?xml version="1.0" encoding="utf-8"?>
<Project ToolsVersion="4.0" xmlns="http://schemas.microsoft.com/developer/msbuild/2003">
  <ItemGroup>
    <Filter Include="Quelldateien">
      <UniqueIdentifier>{4FC737F1-C7A5-4376-A066-2A32D752A2FF}</UniqueIdentifier>
      <Extensions>cpp;c;cc;cxx;def;odl;idl;hpj;bat;asm;asmx</Extensions>
    </Filter>
    <Filter Include="Headerdateien">
      <UniqueIdentifier>{93995380-89BD-4b04-88EB-625FBE52EBFB}</UniqueIdentifier>
      <Extensions>h;hh;hpp;hxx;hm;inl;inc;xsd</Extensions>
    </Filter>
    <Filter Include="Ressourcendateien">
      <UniqueIdentifier>{67DA6AB6-F800-4c08-8B7A-83BB121AAD01}</UniqueIdentifier>
      <Extensions>rc;ico;cur;bmp;dlg;rc2;rct;bin;rgs;gif;jpg;jpeg;jpe;resx;tiff;tif;png;wav;mfcribbon-ms</Extensions>
    </Filter>
  </ItemGroup>
  <ItemGroup>
    <Text Include="ReadMe.txt" />
  </ItemGroup>
  <ItemGroup>
    <ClInclude Include="include\tgbot\Api.h">
      <Filter>Headerdateien</Filter>
    </ClInclude>
    <ClInclude Include="include\tgbot\Bot.h">
      <Filter>Headerdateien</Filter>
    </ClInclude>
    <ClInclude Include="include\tgbot\EventBroadcaster.h">
      <Filter>Headerdateien</Filter>
    </ClInclude>
    <ClInclude Include="include\tgbot\EventHandler.h">
      <Filter>Headerdateien</Filter>
    </ClInclude>
    <ClInclude Include="include\tgbot\net\HttpClient.h">
      <Filter>Headerdateien</Filter>
    </ClInclude>
    <ClInclude Include="include\tgbot\net\HttpParser.h">
      <Filter>Headerdateien</Filter>
    </ClInclude>
    <ClInclude Include="include\tgbot\net\HttpReqArg.h">
      <Filter>Headerdateien</Filter>
    </ClInclude>
    <ClInclude Include="include\tgbot\net\HttpServer.h">
      <Filter>Headerdateien</Filter>
    </ClInclude>
    <ClInclude Include="include\tgbot\net\TgLongPoll.h">
      <Filter>Headerdateien</Filter>
    </ClInclude>
    <ClInclude Include="include\tgbot\net\TgWebhookLocalServer.h">
      <Filter>Headerdateien</Filter>
    </ClInclude>
    <ClInclude Include="include\tgbot\net\TgWebhookServer.h">
      <Filter>Headerdateien</Filter>
    </ClInclude>
    <ClInclude Include="include\tgbot\net\TgWebhookTcpServer.h">
      <Filter>Headerdateien</Filter>
    </ClInclude>
    <ClInclude Include="include\tgbot\net\Url.h">
      <Filter>Headerdateien</Filter>
    </ClInclude>
    <ClInclude Include="include\tgbot\tgbot.h">
      <Filter>Headerdateien</Filter>
    </ClInclude>
    <ClInclude Include="include\tgbot\TgException.h">
      <Filter>Headerdateien</Filter>
    </ClInclude>
    <ClInclude Include="include\tgbot\TgTypeParser.h">
      <Filter>Headerdateien</Filter>
    </ClInclude>
    <ClInclude Include="include\tgbot\tools\StringTools.h">
      <Filter>Headerdateien</Filter>
    </ClInclude>
    <ClInclude Include="include\tgbot\types\Audio.h">
      <Filter>Headerdateien</Filter>
    </ClInclude>
    <ClInclude Include="include\tgbot\types\CallbackQuery.h">
      <Filter>Headerdateien</Filter>
    </ClInclude>
    <ClInclude Include="include\tgbot\types\Chat.h">
      <Filter>Headerdateien</Filter>
    </ClInclude>
    <ClInclude Include="include\tgbot\types\ChosenInlineResult.h">
      <Filter>Headerdateien</Filter>
    </ClInclude>
    <ClInclude Include="include\tgbot\types\Contact.h">
      <Filter>Headerdateien</Filter>
    </ClInclude>
    <ClInclude Include="include\tgbot\types\Document.h">
      <Filter>Headerdateien</Filter>
    </ClInclude>
    <ClInclude Include="include\tgbot\types\ForceReply.h">
      <Filter>Headerdateien</Filter>
    </ClInclude>
    <ClInclude Include="include\tgbot\types\GenericReply.h">
      <Filter>Headerdateien</Filter>
    </ClInclude>
    <ClInclude Include="include\tgbot\types\InlineKeyboardButton.h">
      <Filter>Headerdateien</Filter>
    </ClInclude>
    <ClInclude Include="include\tgbot\types\InlineKeyboardMarkup.h">
      <Filter>Headerdateien</Filter>
    </ClInclude>
    <ClInclude Include="include\tgbot\types\InlineQuery.h">
      <Filter>Headerdateien</Filter>
    </ClInclude>
    <ClInclude Include="include\tgbot\types\InlineQueryResult.h">
      <Filter>Headerdateien</Filter>
    </ClInclude>
    <ClInclude Include="include\tgbot\types\InlineQueryResultArticle.h">
      <Filter>Headerdateien</Filter>
    </ClInclude>
    <ClInclude Include="include\tgbot\types\InlineQueryResultGif.h">
      <Filter>Headerdateien</Filter>
    </ClInclude>
    <ClInclude Include="include\tgbot\types\InlineQueryResultMpeg4Gif.h">
      <Filter>Headerdateien</Filter>
    </ClInclude>
    <ClInclude Include="include\tgbot\types\InlineQueryResultPhoto.h">
      <Filter>Headerdateien</Filter>
    </ClInclude>
    <ClInclude Include="include\tgbot\types\InlineQueryResultVideo.h">
      <Filter>Headerdateien</Filter>
    </ClInclude>
    <ClInclude Include="include\tgbot\types\InputFile.h">
      <Filter>Headerdateien</Filter>
    </ClInclude>
    <ClInclude Include="include\tgbot\types\Location.h">
      <Filter>Headerdateien</Filter>
    </ClInclude>
    <ClInclude Include="include\tgbot\types\Message.h">
      <Filter>Headerdateien</Filter>
    </ClInclude>
    <ClInclude Include="include\tgbot\types\MessageEntity.h">
      <Filter>Headerdateien</Filter>
    </ClInclude>
    <ClInclude Include="include\tgbot\types\PhotoSize.h">
      <Filter>Headerdateien</Filter>
    </ClInclude>
    <ClInclude Include="include\tgbot\types\ReplyKeyboardHide.h">
      <Filter>Headerdateien</Filter>
    </ClInclude>
    <ClInclude Include="include\tgbot\types\ReplyKeyboardMarkup.h">
      <Filter>Headerdateien</Filter>
    </ClInclude>
    <ClInclude Include="include\tgbot\types\Sticker.h">
      <Filter>Headerdateien</Filter>
    </ClInclude>
    <ClInclude Include="include\tgbot\types\Update.h">
      <Filter>Headerdateien</Filter>
    </ClInclude>
    <ClInclude Include="include\tgbot\types\User.h">
      <Filter>Headerdateien</Filter>
    </ClInclude>
    <ClInclude Include="include\tgbot\types\UserProfilePhotos.h">
      <Filter>Headerdateien</Filter>
    </ClInclude>
    <ClInclude Include="include\tgbot\types\Venue.h">
      <Filter>Headerdateien</Filter>
    </ClInclude>
    <ClInclude Include="include\tgbot\types\Video.h">
      <Filter>Headerdateien</Filter>
    </ClInclude>
    <ClInclude Include="include\tgbot\types\Voice.h">
      <Filter>Headerdateien</Filter>
    </ClInclude>
  </ItemGroup>
  <ItemGroup>
    <ClCompile Include="src\Api.cpp">
      <Filter>Quelldateien</Filter>
    </ClCompile>
    <ClCompile Include="src\net\HttpClient.cpp">
      <Filter>Quelldateien</Filter>
    </ClCompile>
    <ClCompile Include="src\net\HttpParser.cpp">
      <Filter>Quelldateien</Filter>
    </ClCompile>
    <ClCompile Include="src\net\TgLongPoll.cpp">
      <Filter>Quelldateien</Filter>
    </ClCompile>
    <ClCompile Include="src\net\Url.cpp">
      <Filter>Quelldateien</Filter>
    </ClCompile>
    <ClCompile Include="src\TgException.cpp">
      <Filter>Quelldateien</Filter>
    </ClCompile>
    <ClCompile Include="src\TgTypeParser.cpp">
      <Filter>Quelldateien</Filter>
    </ClCompile>
    <ClCompile Include="src\tools\StringTools.cpp">
      <Filter>Quelldateien</Filter>
    </ClCompile>
    <ClCompile Include="src\types\InlineQueryResult.cpp">
      <Filter>Quelldateien</Filter>
    </ClCompile>
  </ItemGroup>
</Project>